
Microsoft Visual Studio Solution File, Format Version 12.00
# Visual Studio Version 17
VisualStudioVersion = 17.12.35527.113 d17.12
MinimumVisualStudioVersion = 10.0.40219.1
Project("{FAE04EC0-301F-11D3-BF4B-00C04F79EFBC}") = "RoadSense", "RoadSense\RoadSense.csproj", "{9AB64AC0-4036-43C5-9C92-EC91456A7820}"
EndProject
Project("{FAE04EC0-301F-11D3-BF4B-00C04F79EFBC}") = "RoadSense.Api", "RoadSense.Api\RoadSense.Api.csproj", "{3EDD9E8B-8D14-46BB-A976-49DF2E559F47}"
EndProject
Global
	GlobalSection(SolutionConfigurationPlatforms) = preSolution
		Debug|Any CPU = Debug|Any CPU
		Release|Any CPU = Release|Any CPU
	EndGlobalSection
	GlobalSection(ProjectConfigurationPlatforms) = postSolution
		{9AB64AC0-4036-43C5-9C92-EC91456A7820}.Debug|Any CPU.ActiveCfg = Debug|Any CPU
		{9AB64AC0-4036-43C5-9C92-EC91456A7820}.Debug|Any CPU.Build.0 = Debug|Any CPU
		{9AB64AC0-4036-43C5-9C92-EC91456A7820}.Release|Any CPU.ActiveCfg = Release|Any CPU
		{9AB64AC0-4036-43C5-9C92-EC91456A7820}.Release|Any CPU.Build.0 = Release|Any CPU
		{3EDD9E8B-8D14-46BB-A976-49DF2E559F47}.Debug|Any CPU.ActiveCfg = Debug|Any CPU
		{3EDD9E8B-8D14-46BB-A976-49DF2E559F47}.Debug|Any CPU.Build.0 = Debug|Any CPU
		{3EDD9E8B-8D14-46BB-A976-49DF2E559F47}.Release|Any CPU.ActiveCfg = Release|Any CPU
		{3EDD9E8B-8D14-46BB-A976-49DF2E559F47}.Release|Any CPU.Build.0 = Release|Any CPU
	EndGlobalSection
	GlobalSection(SolutionProperties) = preSolution
		HideSolutionNode = FALSE
	EndGlobalSection
EndGlobal
